
Microsoft Visual Studio Solution File, Format Version 12.00
# Visual Studio Version 17
VisualStudioVersion = 17.1.32328.378
MinimumVisualStudioVersion = 10.0.40219.1
Project("{FAE04EC0-301F-11D3-BF4B-00C04F79EFBC}") = "project1", "project1\project1.csproj", "{2181217E-38CC-486E-87D0-DC48BE499FDA}"
EndProject
Project("{FAE04EC0-301F-11D3-BF4B-00C04F79EFBC}") = "Project2", "Project2\Project2.csproj", "{5FF8B3D7-1E2F-4018-A715-588B822260B0}"
EndProject
Global
	GlobalSection(SolutionConfigurationPlatforms) = preSolution
		Debug|Any CPU = Debug|Any CPU
		Release|Any CPU = Release|Any CPU
	EndGlobalSection
	GlobalSection(ProjectConfigurationPlatforms) = postSolution
		{2181217E-38CC-486E-87D0-DC48BE499FDA}.Debug|Any CPU.ActiveCfg = Debug|Any CPU
		{2181217E-38CC-486E-87D0-DC48BE499FDA}.Debug|Any CPU.Build.0 = Debug|Any CPU
		{2181217E-38CC-486E-87D0-DC48BE499FDA}.Release|Any CPU.ActiveCfg = Release|Any CPU
		{2181217E-38CC-486E-87D0-DC48BE499FDA}.Release|Any CPU.Build.0 = Release|Any CPU
		{5FF8B3D7-1E2F-4018-A715-588B822260B0}.Debug|Any CPU.ActiveCfg = Debug|Any CPU
		{5FF8B3D7-1E2F-4018-A715-588B822260B0}.Debug|Any CPU.Build.0 = Debug|Any CPU
		{5FF8B3D7-1E2F-4018-A715-588B822260B0}.Release|Any CPU.ActiveCfg = Release|Any CPU
		{5FF8B3D7-1E2F-4018-A715-588B822260B0}.Release|Any CPU.Build.0 = Release|Any CPU
	EndGlobalSection
	GlobalSection(SolutionProperties) = preSolution
		HideSolutionNode = FALSE
	EndGlobalSection
	GlobalSection(ExtensibilityGlobals) = postSolution
		SolutionGuid = {8D0311BE-DB49-446A-80F5-FECA6BE072C4}
	EndGlobalSection
EndGlobal
