
Microsoft Visual Studio Solution File, Format Version 12.00
# Visual Studio Version 17
VisualStudioVersion = 17.1.32328.378
MinimumVisualStudioVersion = 10.0.40219.1
Project("{FAE04EC0-301F-11D3-BF4B-00C04F79EFBC}") = "jogoVelha(api)", "jogoVelha(api)\jogoVelha(api).csproj", "{27E077EC-59D2-4782-95D7-C6D98AFCB0AD}"
EndProject
Global
	GlobalSection(SolutionConfigurationPlatforms) = preSolution
		Debug|Any CPU = Debug|Any CPU
		Release|Any CPU = Release|Any CPU
	EndGlobalSection
	GlobalSection(ProjectConfigurationPlatforms) = postSolution
		{27E077EC-59D2-4782-95D7-C6D98AFCB0AD}.Debug|Any CPU.ActiveCfg = Debug|Any CPU
		{27E077EC-59D2-4782-95D7-C6D98AFCB0AD}.Debug|Any CPU.Build.0 = Debug|Any CPU
		{27E077EC-59D2-4782-95D7-C6D98AFCB0AD}.Release|Any CPU.ActiveCfg = Release|Any CPU
		{27E077EC-59D2-4782-95D7-C6D98AFCB0AD}.Release|Any CPU.Build.0 = Release|Any CPU
	EndGlobalSection
	GlobalSection(SolutionProperties) = preSolution
		HideSolutionNode = FALSE
	EndGlobalSection
	GlobalSection(ExtensibilityGlobals) = postSolution
		SolutionGuid = {A555588B-59C3-4516-BD07-EB9671280030}
	EndGlobalSection
EndGlobal
